
Microsoft Visual Studio Solution File, Format Version 12.00
# Visual Studio Version 17
VisualStudioVersion = 17.4.33213.308
MinimumVisualStudioVersion = 10.0.40219.1
Project("{FAE04EC0-301F-11D3-BF4B-00C04F79EFBC}") = "Week9Lists", "Week9Lists\Week9Lists.csproj", "{02B3ECC4-47D1-465B-A154-8A1D3A2318EF}"
EndProject
Global
	GlobalSection(SolutionConfigurationPlatforms) = preSolution
		Debug|Any CPU = Debug|Any CPU
		Release|Any CPU = Release|Any CPU
	EndGlobalSection
	GlobalSection(ProjectConfigurationPlatforms) = postSolution
		{02B3ECC4-47D1-465B-A154-8A1D3A2318EF}.Debug|Any CPU.ActiveCfg = Debug|Any CPU
		{02B3ECC4-47D1-465B-A154-8A1D3A2318EF}.Debug|Any CPU.Build.0 = Debug|Any CPU
		{02B3ECC4-47D1-465B-A154-8A1D3A2318EF}.Release|Any CPU.ActiveCfg = Release|Any CPU
		{02B3ECC4-47D1-465B-A154-8A1D3A2318EF}.Release|Any CPU.Build.0 = Release|Any CPU
	EndGlobalSection
	GlobalSection(SolutionProperties) = preSolution
		HideSolutionNode = FALSE
	EndGlobalSection
	GlobalSection(ExtensibilityGlobals) = postSolution
		SolutionGuid = {CCC7B86D-3469-493F-B000-89A8EE84C2EF}
	EndGlobalSection
EndGlobal
